
Microsoft Visual Studio Solution File, Format Version 12.00
# Visual Studio Version 17
VisualStudioVersion = 17.5.33424.131
MinimumVisualStudioVersion = 10.0.40219.1
Project("{FAE04EC0-301F-11D3-BF4B-00C04F79EFBC}") = "StateDesignPattern", "StateDesignPattern\StateDesignPattern.csproj", "{27BDD355-C41A-41D1-AF08-7058B1B2AC49}"
EndProject
Global
	GlobalSection(SolutionConfigurationPlatforms) = preSolution
		Debug|Any CPU = Debug|Any CPU
		Release|Any CPU = Release|Any CPU
	EndGlobalSection
	GlobalSection(ProjectConfigurationPlatforms) = postSolution
		{27BDD355-C41A-41D1-AF08-7058B1B2AC49}.Debug|Any CPU.ActiveCfg = Debug|Any CPU
		{27BDD355-C41A-41D1-AF08-7058B1B2AC49}.Debug|Any CPU.Build.0 = Debug|Any CPU
		{27BDD355-C41A-41D1-AF08-7058B1B2AC49}.Release|Any CPU.ActiveCfg = Release|Any CPU
		{27BDD355-C41A-41D1-AF08-7058B1B2AC49}.Release|Any CPU.Build.0 = Release|Any CPU
	EndGlobalSection
	GlobalSection(SolutionProperties) = preSolution
		HideSolutionNode = FALSE
	EndGlobalSection
	GlobalSection(ExtensibilityGlobals) = postSolution
		SolutionGuid = {70C6962A-78E0-40DF-A44D-04657AF0BF8C}
	EndGlobalSection
EndGlobal
